{
  "name": "git-server",
  "version": "1.0.0",
  "lockfileVersion": 3,
  "requires": true,
  "packages": {
    "": {
      "name": "git-server",
      "version": "1.0.0",
      "license": "ISC",
      "dependencies": {
        "node-git-server": "^1.0.0"
      }
    },
    "node_modules/node-git-server": {
      "version": "1.0.0",
      "resolved": "https://registry.npmjs.org/node-git-server/-/node-git-server-1.0.0.tgz",
      "integrity": "sha512-LdAEExF4N6/RIuAdJe16l1U5OZrw5M1U7B4C4O2PiRVImyaPNTFeTHlj46vGgpjthvrK7z43JKcIPc4r6+j0fA==",
      "hasInstallScript": true,
      "dependencies": {
        "through": "^2.3.8"
      }
    },
    "node_modules/through": {
      "version": "2.3.8",
      "resolved": "https://registry.npmjs.org/through/-/through-2.3.8.tgz",
      "integrity": "sha512-w89qg7PI8wAdvX60bMDP+bFoD5Dvhm9oLheFp5O4a2QF0cSBGsBX4qZmadPMvVqlLJBBci+WqGGOAPvcDeNSVg=="
    }
  }
}
